
Microsoft Visual Studio Solution File, Format Version 12.00
Project("{FAE04EC0-301F-11D3-BF4B-00C04F79EFBC}") = "CSharpPart", "CSharpPart\CSharpPart.csproj", "{5995E858-AE88-4570-84FF-43FE0BDFE915}"
EndProject
Global
	GlobalSection(SolutionConfigurationPlatforms) = preSolution
		Debug|Any CPU = Debug|Any CPU
		Release|Any CPU = Release|Any CPU
	EndGlobalSection
	GlobalSection(ProjectConfigurationPlatforms) = postSolution
		{5995E858-AE88-4570-84FF-43FE0BDFE915}.Debug|Any CPU.ActiveCfg = Debug|Any CPU
		{5995E858-AE88-4570-84FF-43FE0BDFE915}.Debug|Any CPU.Build.0 = Debug|Any CPU
		{5995E858-AE88-4570-84FF-43FE0BDFE915}.Release|Any CPU.ActiveCfg = Release|Any CPU
		{5995E858-AE88-4570-84FF-43FE0BDFE915}.Release|Any CPU.Build.0 = Release|Any CPU
	EndGlobalSection
EndGlobal
